# THIS IS AN AUTOGENERATED FILE. DO NOT EDIT THIS FILE DIRECTLY.
# yarn lockfile v1


"@babel/runtime-corejs3@^7.7.4":
  version "7.8.7"
  resolved "https://registry.yarnpkg.com/@babel/runtime-corejs3/-/runtime-corejs3-7.8.7.tgz#8209d9dff2f33aa2616cb319c83fe159ffb07b8c"
  integrity sha512-sc7A+H4I8kTd7S61dgB9RomXu/C+F4IrRr4Ytze4dnfx7AXEpCrejSNpjx7vq6y/Bak9S6Kbk65a/WgMLtg43Q==
  dependencies:
    core-js-pure "^3.0.0"
    regenerator-runtime "^0.13.4"

"@turf/bbox@^5.1.5":
  version "5.1.5"
  resolved "https://registry.yarnpkg.com/@turf/bbox/-/bbox-5.1.5.tgz#3051df514ad4c50f4a4f9b8a2d15fd8b6840eda3"
  integrity sha1-MFHfUUrUxQ9KT5uKLRX9i2hA7aM=
  dependencies:
    "@turf/helpers" "^5.1.5"
    "@turf/meta" "^5.1.5"

"@turf/boolean-point-in-polygon@^5.1.5":
  version "5.1.5"
  resolved "https://registry.yarnpkg.com/@turf/boolean-point-in-polygon/-/boolean-point-in-polygon-5.1.5.tgz#f01cc194d1e030a548bfda981cba43cfd62941b7"
  integrity sha1-8BzBlNHgMKVIv9qYHLpDz9YpQbc=
  dependencies:
    "@turf/helpers" "^5.1.5"
    "@turf/invariant" "^5.1.5"

"@turf/center@^5.1.5":
  version "5.1.5"
  resolved "https://registry.yarnpkg.com/@turf/center/-/center-5.1.5.tgz#44ab2cd954f63c0d37757f7158a99c3ef5114b80"
  integrity sha1-RKss2VT2PA03dX9xWKmcPvURS4A=
  dependencies:
    "@turf/bbox" "^5.1.5"
    "@turf/helpers" "^5.1.5"

"@turf/clone@^5.1.5":
  version "5.1.5"
  resolved "https://registry.yarnpkg.com/@turf/clone/-/clone-5.1.5.tgz#253e8d35477181976e33adfab50a0f02a7f0e367"
  integrity sha1-JT6NNUdxgZduM636tQoPAqfw42c=
  dependencies:
    "@turf/helpers" "^5.1.5"

"@turf/distance@^5.1.5":
  version "5.1.5"
  resolved "https://registry.yarnpkg.com/@turf/distance/-/distance-5.1.5.tgz#39cf18204bbf87587d707e609a60118909156409"
  integrity sha1-Oc8YIEu/h1h9cH5gmmARiQkVZAk=
  dependencies:
    "@turf/helpers" "^5.1.5"
    "@turf/invariant" "^5.1.5"

"@turf/explode@^5.1.5":
  version "5.1.5"
  resolved "https://registry.yarnpkg.com/@turf/explode/-/explode-5.1.5.tgz#b12b2f774004a1b48f62ba95b20a1c655a3de118"
  integrity sha1-sSsvd0AEobSPYrqVsgocZVo94Rg=
  dependencies:
    "@turf/helpers" "^5.1.5"
    "@turf/meta" "^5.1.5"

"@turf/helpers@^5.1.5":
  version "5.1.5"
  resolved "https://registry.yarnpkg.com/@turf/helpers/-/helpers-5.1.5.tgz#153405227ab933d004a5bb9641a9ed999fcbe0cf"
  integrity sha1-FTQFInq5M9AEpbuWQantmZ/L4M8=

"@turf/invariant@^5.1.5":
  version "5.2.0"
  resolved "https://registry.yarnpkg.com/@turf/invariant/-/invariant-5.2.0.tgz#f0150ff7290b38577b73d088b7932c1ee0aa90a7"
  integrity sha1-8BUP9ykLOFd7c9CIt5MsHuCqkKc=
  dependencies:
    "@turf/helpers" "^5.1.5"

"@turf/meta@^5.1.5":
  version "5.2.0"
  resolved "https://registry.yarnpkg.com/@turf/meta/-/meta-5.2.0.tgz#3b1ad485ee0c3b0b1775132a32c384d53e4ba53d"
  integrity sha1-OxrUhe4MOwsXdRMqMsOE1T5LpT0=
  dependencies:
    "@turf/helpers" "^5.1.5"

"@turf/nearest-point@^5.1.5":
  version "5.1.5"
  resolved "https://registry.yarnpkg.com/@turf/nearest-point/-/nearest-point-5.1.5.tgz#12050de41c398443224c7978de0f6213900d34fb"
  integrity sha1-EgUN5Bw5hEMiTHl43g9iE5ANNPs=
  dependencies:
    "@turf/clone" "^5.1.5"
    "@turf/distance" "^5.1.5"
    "@turf/helpers" "^5.1.5"
    "@turf/meta" "^5.1.5"

"@turf/point-on-feature@^5.1.5":
  version "5.1.5"
  resolved "https://registry.yarnpkg.com/@turf/point-on-feature/-/point-on-feature-5.1.5.tgz#30c7f032430277c6418d96d289e45b6bfb213fe7"
  integrity sha1-MMfwMkMCd8ZBjZbSieRba/shP+c=
  dependencies:
    "@turf/boolean-point-in-polygon" "^5.1.5"
    "@turf/center" "^5.1.5"
    "@turf/explode" "^5.1.5"
    "@turf/helpers" "^5.1.5"
    "@turf/nearest-point" "^5.1.5"

color-convert@~0.5.0:
  version "0.5.3"
  resolved "https://registry.yarnpkg.com/color-convert/-/color-convert-0.5.3.tgz#bdb6c69ce660fadffe0b0007cc447e1b9f7282bd"
  integrity sha1-vbbGnOZg+t/+CwAHzER+G59ygr0=

core-js-pure@^3.0.0:
  version "3.6.4"
  resolved "https://registry.yarnpkg.com/core-js-pure/-/core-js-pure-3.6.4.tgz#4bf1ba866e25814f149d4e9aaa08c36173506e3a"
  integrity sha512-epIhRLkXdgv32xIUFaaAry2wdxZYBi6bgM7cB136dzzXXa+dFyRLTZeLUJxnd8ShrmyVXBub63n2NHo2JAt8Cw==

debounce-promise@^3.1.0:
  version "3.1.2"
  resolved "https://registry.yarnpkg.com/debounce-promise/-/debounce-promise-3.1.2.tgz#320fb8c7d15a344455cd33cee5ab63530b6dc7c5"
  integrity sha512-rZHcgBkbYavBeD9ej6sP56XfG53d51CD4dnaw989YX/nZ/ZJfgRx/9ePKmTNiUiyQvh4mtrMoS3OAWW+yoYtpg==

ieee754@^1.1.6:
  version "1.1.13"
  resolved "https://registry.yarnpkg.com/ieee754/-/ieee754-1.1.13.tgz#ec168558e95aa181fd87d37f55c32bbcb6708b84"
  integrity sha512-4vf7I2LYV/HaWerSo3XmlMkp5eZ83i+/CDluXi/IGTs/O1sejBNhTtnxzmRZfvOUqj7lZjqHkeTvpgSFDlWZTg==

merge-descriptors@^1.0.1:
  version "1.0.1"
  resolved "https://registry.yarnpkg.com/merge-descriptors/-/merge-descriptors-1.0.1.tgz#b00aaa556dd8b44568150ec9d1b953f3f90cbb61"
  integrity sha1-sAqqVW3YtEVoFQ7J0blT8/kMu2E=

ol-tilecache@^3.0.1:
  version "3.0.2"
  resolved "https://registry.yarnpkg.com/ol-tilecache/-/ol-tilecache-3.0.2.tgz#0c60e4529be1eea84bfdc892fe859fd6c498e290"
  integrity sha512-oA+UM8juw775gVm0ZgH5WIV9DnDhfLYWnY7zxkpIR8FDZaoFiPa0idG+GFRdRokeCqMoeoNMSD8aRguFbDE9XA==

ol@^5.3.1:
  version "5.3.3"
  resolved "https://registry.yarnpkg.com/ol/-/ol-5.3.3.tgz#ad39b7b485fdbae4b3e1535a0a07cc5d88b0b9b5"
  integrity sha512-7eU4x8YMduNcED1D5wI+AMWDRe7/1HmGfsbV+kFFROI9RNABU/6n4osj6Q3trZbxxKnK2DSRIjIRGwRHT/Z+Ww==
  dependencies:
    pbf "3.1.0"
    pixelworks "1.1.0"
    rbush "2.0.2"

parse-color@^1.0.0:
  version "1.0.0"
  resolved "https://registry.yarnpkg.com/parse-color/-/parse-color-1.0.0.tgz#7b748b95a83f03f16a94f535e52d7f3d94658619"
  integrity sha1-e3SLlag/A/FqlPU15S1/PZRlhhk=
  dependencies:
    color-convert "~0.5.0"

pbf@3.1.0:
  version "3.1.0"
  resolved "https://registry.yarnpkg.com/pbf/-/pbf-3.1.0.tgz#f70004badcb281761eabb1e76c92f179f08189e9"
  integrity sha512-/hYJmIsTmh7fMkHAWWXJ5b8IKLWdjdlAFb3IHkRBn1XUhIYBChVGfVwmHEAV3UfXTxsP/AKfYTXTS/dCPxJd5w==
  dependencies:
    ieee754 "^1.1.6"
    resolve-protobuf-schema "^2.0.0"

pixelworks@1.1.0:
  version "1.1.0"
  resolved "https://registry.yarnpkg.com/pixelworks/-/pixelworks-1.1.0.tgz#1f095ad48dca8bf8a1c8258e0092031a44f22ca5"
  integrity sha1-Hwla1I3Ki/ihyCWOAJIDGkTyLKU=

protocol-buffers-schema@^3.3.1:
  version "3.4.0"
  resolved "https://registry.yarnpkg.com/protocol-buffers-schema/-/protocol-buffers-schema-3.4.0.tgz#2f0ea31ca96627d680bf2fefae7ebfa2b6453eae"
  integrity sha512-G/2kcamPF2S49W5yaMGdIpkG6+5wZF0fzBteLKgEHjbNzqjZQ85aAs1iJGto31EJaSTkNvHs5IXuHSaTLWBAiA==

quickselect@^1.0.1:
  version "1.1.1"
  resolved "https://registry.yarnpkg.com/quickselect/-/quickselect-1.1.1.tgz#852e412ce418f237ad5b660d70cffac647ae94c2"
  integrity sha512-qN0Gqdw4c4KGPsBOQafj6yj/PA6c/L63f6CaZ/DCF/xF4Esu3jVmKLUDYxghFx8Kb/O7y9tI7x2RjTSXwdK1iQ==

rbush@2.0.2:
  version "2.0.2"
  resolved "https://registry.yarnpkg.com/rbush/-/rbush-2.0.2.tgz#bb6005c2731b7ba1d5a9a035772927d16a614605"
  integrity sha512-XBOuALcTm+O/H8G90b6pzu6nX6v2zCKiFG4BJho8a+bY6AER6t8uQUZdi5bomQc0AprCWhEGa7ncAbbRap0bRA==
  dependencies:
    quickselect "^1.0.1"

reconnecting-websocket@^4.4.0:
  version "4.4.0"
  resolved "https://registry.yarnpkg.com/reconnecting-websocket/-/reconnecting-websocket-4.4.0.tgz#3b0e5b96ef119e78a03135865b8bb0af1b948783"
  integrity sha512-D2E33ceRPga0NvTDhJmphEgJ7FUYF0v4lr1ki0csq06OdlxKfugGzN0dSkxM/NfqCxYELK4KcaTOUOjTV6Dcng==

regenerator-runtime@^0.13.4:
  version "0.13.4"
  resolved "https://registry.yarnpkg.com/regenerator-runtime/-/regenerator-runtime-0.13.4.tgz#e96bf612a3362d12bb69f7e8f74ffeab25c7ac91"
  integrity sha512-plpwicqEzfEyTQohIKktWigcLzmNStMGwbOUbykx51/29Z3JOGYldaaNGK7ngNXV+UcoqvIMmloZ48Sr74sd+g==

resolve-protobuf-schema@^2.0.0:
  version "2.1.0"
  resolved "https://registry.yarnpkg.com/resolve-protobuf-schema/-/resolve-protobuf-schema-2.1.0.tgz#9ca9a9e69cf192bbdaf1006ec1973948aa4a3758"
  integrity sha512-kI5ffTiZWmJaS/huM8wZfEMer1eRd7oJQhDuxeCLe3t7N7mX3z94CN0xPxBQxFYQTSNz9T0i+v6inKqSdK8xrQ==
  dependencies:
    protocol-buffers-schema "^3.3.1"

rxjs@^6.3.3:
  version "6.5.4"
  resolved "https://registry.yarnpkg.com/rxjs/-/rxjs-6.5.4.tgz#e0777fe0d184cec7872df147f303572d414e211c"
  integrity sha512-naMQXcgEo3csAEGvw/NydRA0fuS2nDZJiw1YUWFKU7aPPAPGZEsD4Iimit96qwCieH6y614MCLYwdkrWx7z/7Q==
  dependencies:
    tslib "^1.9.0"

tslib@^1.9.0:
  version "1.11.1"
  resolved "https://registry.yarnpkg.com/tslib/-/tslib-1.11.1.tgz#eb15d128827fbee2841549e171f45ed338ac7e35"
  integrity sha512-aZW88SY8kQbU7gpV19lN24LtXh/yD4ZZg6qieAJDDg+YBsJcSmLGK9QpnUjAKVG/xefmvJGd1WUmfpT/g6AJGA==

uuid@^3.3.2:
  version "3.4.0"
  resolved "https://registry.yarnpkg.com/uuid/-/uuid-3.4.0.tgz#b23e4358afa8a202fe7a100af1f5f883f02007ee"
  integrity sha512-HjSDRw6gZE5JMggctHBcjVak08+KEVhSIiDzFnT9S9aegmp85S/bReBVTb4QTFaRNptJ9kuYaNhnbNEOkbKb/A==

vuelayers@^0.11.21:
  version "0.11.21"
  resolved "https://registry.yarnpkg.com/vuelayers/-/vuelayers-0.11.21.tgz#4fe2c7a63ddfd3d8fbfced0b53a5f87f4124484c"
  integrity sha512-bsje9Z0DsKovRANN0ypcTHwE7o2JIyoZKJcbR3clpDdQsV8KLbp7xcsdfSo003WAkEj0VvdZLc8e4e5UnpMxSw==
  dependencies:
    "@babel/runtime-corejs3" "^7.7.4"
    "@turf/point-on-feature" "^5.1.5"
    debounce-promise "^3.1.0"
    merge-descriptors "^1.0.1"
    ol "^5.3.1"
    ol-tilecache "^3.0.1"
    parse-color "^1.0.0"
    rxjs "^6.3.3"
    uuid "^3.3.2"
